{
  "lockfileVersion": 1,
  "workspaces": {
    "": {
      "name": "soda-gql",
      "devDependencies": {
        "@biomejs/biome": "2.2.3",
        "@types/bun": "latest",
        "typescript": "^5",
        "zod": "^4.1.5",
      },
    },
    "packages/builder": {
      "name": "@soda-gql/builder",
      "version": "0.1.0",
      "dependencies": {
        "@soda-gql/codegen": "workspace:*",
        "@soda-gql/core": "workspace:*",
        "@soda-gql/runtime": "workspace:*",
        "@soda-gql/tool-utils": "workspace:*",
        "@swc/core": "^1.6.3",
        "@swc/types": "^0.1.6",
        "neverthrow": "^8.1.1",
        "typescript": "^5.0.0",
        "zod": "^4.1.5",
      },
    },
    "packages/cli": {
      "name": "@soda-gql/cli",
      "version": "0.1.0",
      "bin": {
        "soda-gql": "./src/index.ts",
      },
      "dependencies": {
        "@soda-gql/builder": "workspace:*",
        "@soda-gql/codegen": "workspace:*",
        "commander": "^12.0.0",
        "neverthrow": "^8.1.1",
        "zod": "^4.1.5",
      },
    },
    "packages/codegen": {
      "name": "@soda-gql/codegen",
      "version": "0.1.0",
      "dependencies": {
        "@soda-gql/core": "workspace:*",
        "graphql": "^16.8.1",
        "neverthrow": "^8.1.1",
        "zod": "^4.1.5",
      },
    },
    "packages/core": {
      "name": "@soda-gql/core",
      "version": "0.1.0",
      "dependencies": {
        "graphql": "^16.8.1",
      },
    },
    "packages/plugin-babel": {
      "name": "@soda-gql/plugin-babel",
      "version": "0.1.0",
      "dependencies": {
        "@babel/core": "^7.24.0",
        "@babel/parser": "^7.24.0",
        "@babel/traverse": "^7.24.0",
        "@babel/types": "^7.24.0",
        "@soda-gql/builder": "workspace:*",
        "@soda-gql/tool-utils": "workspace:*",
        "neverthrow": "^8.1.1",
        "zod": "^4.1.5",
      },
      "devDependencies": {
        "@types/babel__core": "^7.20.5",
      },
    },
    "packages/runtime": {
      "name": "@soda-gql/runtime",
      "version": "0.1.0",
      "dependencies": {
        "@soda-gql/core": "workspace:*",
      },
    },
    "packages/tool-utils": {
      "name": "@soda-gql/tool-utils",
      "version": "0.0.0",
      "devDependencies": {
        "@types/bun": "^1.1.14",
        "typescript": "^5.7.3",
      },
    },
  },
  "packages": {
    "@babel/code-frame": ["@babel/code-frame@7.27.1", "", { "dependencies": { "@babel/helper-validator-identifier": "^7.27.1", "js-tokens": "^4.0.0", "picocolors": "^1.1.1" } }, "sha512-cjQ7ZlQ0Mv3b47hABuTevyTuYN4i+loJKGeV9flcCgIK37cCXRh+L1bd3iBHlynerhQ7BhCkn2BPbQUL+rGqFg=="],

    "@babel/compat-data": ["@babel/compat-data@7.28.4", "", {}, "sha512-YsmSKC29MJwf0gF8Rjjrg5LQCmyh+j/nD8/eP7f+BeoQTKYqs9RoWbjGOdy0+1Ekr68RJZMUOPVQaQisnIo4Rw=="],

    "@babel/core": ["@babel/core@7.28.4", "", { "dependencies": { "@babel/code-frame": "^7.27.1", "@babel/generator": "^7.28.3", "@babel/helper-compilation-targets": "^7.27.2", "@babel/helper-module-transforms": "^7.28.3", "@babel/helpers": "^7.28.4", "@babel/parser": "^7.28.4", "@babel/template": "^7.27.2", "@babel/traverse": "^7.28.4", "@babel/types": "^7.28.4", "@jridgewell/remapping": "^2.3.5", "convert-source-map": "^2.0.0", "debug": "^4.1.0", "gensync": "^1.0.0-beta.2", "json5": "^2.2.3", "semver": "^6.3.1" } }, "sha512-2BCOP7TN8M+gVDj7/ht3hsaO/B/n5oDbiAyyvnRlNOs+u1o+JWNYTQrmpuNp1/Wq2gcFrI01JAW+paEKDMx/CA=="],

    "@babel/generator": ["@babel/generator@7.28.3", "", { "dependencies": { "@babel/parser": "^7.28.3", "@babel/types": "^7.28.2", "@jridgewell/gen-mapping": "^0.3.12", "@jridgewell/trace-mapping": "^0.3.28", "jsesc": "^3.0.2" } }, "sha512-3lSpxGgvnmZznmBkCRnVREPUFJv2wrv9iAoFDvADJc0ypmdOxdUtcLeBgBJ6zE0PMeTKnxeQzyk0xTBq4Ep7zw=="],

    "@babel/helper-compilation-targets": ["@babel/helper-compilation-targets@7.27.2", "", { "dependencies": { "@babel/compat-data": "^7.27.2", "@babel/helper-validator-option": "^7.27.1", "browserslist": "^4.24.0", "lru-cache": "^5.1.1", "semver": "^6.3.1" } }, "sha512-2+1thGUUWWjLTYTHZWK1n8Yga0ijBz1XAhUXcKy81rd5g6yh7hGqMp45v7cadSbEHc9G3OTv45SyneRN3ps4DQ=="],

    "@babel/helper-globals": ["@babel/helper-globals@7.28.0", "", {}, "sha512-+W6cISkXFa1jXsDEdYA8HeevQT/FULhxzR99pxphltZcVaugps53THCeiWA8SguxxpSp3gKPiuYfSWopkLQ4hw=="],

    "@babel/helper-module-imports": ["@babel/helper-module-imports@7.27.1", "", { "dependencies": { "@babel/traverse": "^7.27.1", "@babel/types": "^7.27.1" } }, "sha512-0gSFWUPNXNopqtIPQvlD5WgXYI5GY2kP2cCvoT8kczjbfcfuIljTbcWrulD1CIPIX2gt1wghbDy08yE1p+/r3w=="],

    "@babel/helper-module-transforms": ["@babel/helper-module-transforms@7.28.3", "", { "dependencies": { "@babel/helper-module-imports": "^7.27.1", "@babel/helper-validator-identifier": "^7.27.1", "@babel/traverse": "^7.28.3" }, "peerDependencies": { "@babel/core": "^7.0.0" } }, "sha512-gytXUbs8k2sXS9PnQptz5o0QnpLL51SwASIORY6XaBKF88nsOT0Zw9szLqlSGQDP/4TljBAD5y98p2U1fqkdsw=="],

    "@babel/helper-string-parser": ["@babel/helper-string-parser@7.27.1", "", {}, "sha512-qMlSxKbpRlAridDExk92nSobyDdpPijUq2DW6oDnUqd0iOGxmQjyqhMIihI9+zv4LPyZdRje2cavWPbCbWm3eA=="],

    "@babel/helper-validator-identifier": ["@babel/helper-validator-identifier@7.27.1", "", {}, "sha512-D2hP9eA+Sqx1kBZgzxZh0y1trbuU+JoDkiEwqhQ36nodYqJwyEIhPSdMNd7lOm/4io72luTPWH20Yda0xOuUow=="],

    "@babel/helper-validator-option": ["@babel/helper-validator-option@7.27.1", "", {}, "sha512-YvjJow9FxbhFFKDSuFnVCe2WxXk1zWc22fFePVNEaWJEu8IrZVlda6N0uHwzZrUM1il7NC9Mlp4MaJYbYd9JSg=="],

    "@babel/helpers": ["@babel/helpers@7.28.4", "", { "dependencies": { "@babel/template": "^7.27.2", "@babel/types": "^7.28.4" } }, "sha512-HFN59MmQXGHVyYadKLVumYsA9dBFun/ldYxipEjzA4196jpLZd8UjEEBLkbEkvfYreDqJhZxYAWFPtrfhNpj4w=="],

    "@babel/parser": ["@babel/parser@7.28.4", "", { "dependencies": { "@babel/types": "^7.28.4" }, "bin": "./bin/babel-parser.js" }, "sha512-yZbBqeM6TkpP9du/I2pUZnJsRMGGvOuIrhjzC1AwHwW+6he4mni6Bp/m8ijn0iOuZuPI2BfkCoSRunpyjnrQKg=="],

    "@babel/template": ["@babel/template@7.27.2", "", { "dependencies": { "@babel/code-frame": "^7.27.1", "@babel/parser": "^7.27.2", "@babel/types": "^7.27.1" } }, "sha512-LPDZ85aEJyYSd18/DkjNh4/y1ntkE5KwUHWTiqgRxruuZL2F1yuHligVHLvcHY2vMHXttKFpJn6LwfI7cw7ODw=="],

    "@babel/traverse": ["@babel/traverse@7.28.4", "", { "dependencies": { "@babel/code-frame": "^7.27.1", "@babel/generator": "^7.28.3", "@babel/helper-globals": "^7.28.0", "@babel/parser": "^7.28.4", "@babel/template": "^7.27.2", "@babel/types": "^7.28.4", "debug": "^4.3.1" } }, "sha512-YEzuboP2qvQavAcjgQNVgsvHIDv6ZpwXvcvjmyySP2DIMuByS/6ioU5G9pYrWHM6T2YDfc7xga9iNzYOs12CFQ=="],

    "@babel/types": ["@babel/types@7.28.4", "", { "dependencies": { "@babel/helper-string-parser": "^7.27.1", "@babel/helper-validator-identifier": "^7.27.1" } }, "sha512-bkFqkLhh3pMBUQQkpVgWDWq/lqzc2678eUyDlTBhRqhCHFguYYGM0Efga7tYk4TogG/3x0EEl66/OQ+WGbWB/Q=="],

    "@biomejs/biome": ["@biomejs/biome@2.2.3", "", { "optionalDependencies": { "@biomejs/cli-darwin-arm64": "2.2.3", "@biomejs/cli-darwin-x64": "2.2.3", "@biomejs/cli-linux-arm64": "2.2.3", "@biomejs/cli-linux-arm64-musl": "2.2.3", "@biomejs/cli-linux-x64": "2.2.3", "@biomejs/cli-linux-x64-musl": "2.2.3", "@biomejs/cli-win32-arm64": "2.2.3", "@biomejs/cli-win32-x64": "2.2.3" }, "bin": { "biome": "bin/biome" } }, "sha512-9w0uMTvPrIdvUrxazZ42Ib7t8Y2yoGLKLdNne93RLICmaHw7mcLv4PPb5LvZLJF3141gQHiCColOh/v6VWlWmg=="],

    "@biomejs/cli-darwin-arm64": ["@biomejs/cli-darwin-arm64@2.2.3", "", { "os": "darwin", "cpu": "arm64" }, "sha512-OrqQVBpadB5eqzinXN4+Q6honBz+tTlKVCsbEuEpljK8ASSItzIRZUA02mTikl3H/1nO2BMPFiJ0nkEZNy3B1w=="],

    "@biomejs/cli-darwin-x64": ["@biomejs/cli-darwin-x64@2.2.3", "", { "os": "darwin", "cpu": "x64" }, "sha512-OCdBpb1TmyfsTgBAM1kPMXyYKTohQ48WpiN9tkt9xvU6gKVKHY4oVwteBebiOqyfyzCNaSiuKIPjmHjUZ2ZNMg=="],

    "@biomejs/cli-linux-arm64": ["@biomejs/cli-linux-arm64@2.2.3", "", { "os": "linux", "cpu": "arm64" }, "sha512-g/Uta2DqYpECxG+vUmTAmUKlVhnGEcY7DXWgKP8ruLRa8Si1QHsWknPY3B/wCo0KgYiFIOAZ9hjsHfNb9L85+g=="],

    "@biomejs/cli-linux-arm64-musl": ["@biomejs/cli-linux-arm64-musl@2.2.3", "", { "os": "linux", "cpu": "arm64" }, "sha512-q3w9jJ6JFPZPeqyvwwPeaiS/6NEszZ+pXKF+IczNo8Xj6fsii45a4gEEicKyKIytalV+s829ACZujQlXAiVLBQ=="],

    "@biomejs/cli-linux-x64": ["@biomejs/cli-linux-x64@2.2.3", "", { "os": "linux", "cpu": "x64" }, "sha512-LEtyYL1fJsvw35CxrbQ0gZoxOG3oZsAjzfRdvRBRHxOpQ91Q5doRVjvWW/wepgSdgk5hlaNzfeqpyGmfSD0Eyw=="],

    "@biomejs/cli-linux-x64-musl": ["@biomejs/cli-linux-x64-musl@2.2.3", "", { "os": "linux", "cpu": "x64" }, "sha512-y76Dn4vkP1sMRGPFlNc+OTETBhGPJ90jY3il6jAfur8XWrYBQV3swZ1Jo0R2g+JpOeeoA0cOwM7mJG6svDz79w=="],

    "@biomejs/cli-win32-arm64": ["@biomejs/cli-win32-arm64@2.2.3", "", { "os": "win32", "cpu": "arm64" }, "sha512-Ms9zFYzjcJK7LV+AOMYnjN3pV3xL8Prxf9aWdDVL74onLn5kcvZ1ZMQswE5XHtnd/r/0bnUd928Rpbs14BzVmA=="],

    "@biomejs/cli-win32-x64": ["@biomejs/cli-win32-x64@2.2.3", "", { "os": "win32", "cpu": "x64" }, "sha512-gvCpewE7mBwBIpqk1YrUqNR4mCiyJm6UI3YWQQXkedSSEwzRdodRpaKhbdbHw1/hmTWOVXQ+Eih5Qctf4TCVOQ=="],

    "@jridgewell/gen-mapping": ["@jridgewell/gen-mapping@0.3.13", "", { "dependencies": { "@jridgewell/sourcemap-codec": "^1.5.0", "@jridgewell/trace-mapping": "^0.3.24" } }, "sha512-2kkt/7niJ6MgEPxF0bYdQ6etZaA+fQvDcLKckhy1yIQOzaoKjBBjSj63/aLVjYE3qhRt5dvM+uUyfCg6UKCBbA=="],

    "@jridgewell/remapping": ["@jridgewell/remapping@2.3.5", "", { "dependencies": { "@jridgewell/gen-mapping": "^0.3.5", "@jridgewell/trace-mapping": "^0.3.24" } }, "sha512-LI9u/+laYG4Ds1TDKSJW2YPrIlcVYOwi2fUC6xB43lueCjgxV4lffOCZCtYFiH6TNOX+tQKXx97T4IKHbhyHEQ=="],

    "@jridgewell/resolve-uri": ["@jridgewell/resolve-uri@3.1.2", "", {}, "sha512-bRISgCIjP20/tbWSPWMEi54QVPRZExkuD9lJL+UIxUKtwVJA8wW1Trb1jMs1RFXo1CBTNZ/5hpC9QvmKWdopKw=="],

    "@jridgewell/sourcemap-codec": ["@jridgewell/sourcemap-codec@1.5.5", "", {}, "sha512-cYQ9310grqxueWbl+WuIUIaiUaDcj7WOq5fVhEljNVgRfOUhY9fy2zTvfoqWsnebh8Sl70VScFbICvJnLKB0Og=="],

    "@jridgewell/trace-mapping": ["@jridgewell/trace-mapping@0.3.30", "", { "dependencies": { "@jridgewell/resolve-uri": "^3.1.0", "@jridgewell/sourcemap-codec": "^1.4.14" } }, "sha512-GQ7Nw5G2lTu/BtHTKfXhKHok2WGetd4XYcVKGx00SjAk8GMwgJM3zr6zORiPGuOE+/vkc90KtTosSSvaCjKb2Q=="],

    "@rollup/rollup-linux-x64-gnu": ["@rollup/rollup-linux-x64-gnu@4.50.1", "", { "os": "linux", "cpu": "x64" }, "sha512-MCgtFB2+SVNuQmmjHf+wfI4CMxy3Tk8XjA5Z//A0AKD7QXUYFMQcns91K6dEHBvZPCnhJSyDWLApk40Iq/H3tA=="],

    "@soda-gql/builder": ["@soda-gql/builder@workspace:packages/builder"],

    "@soda-gql/cli": ["@soda-gql/cli@workspace:packages/cli"],

    "@soda-gql/codegen": ["@soda-gql/codegen@workspace:packages/codegen"],

    "@soda-gql/core": ["@soda-gql/core@workspace:packages/core"],

    "@soda-gql/plugin-babel": ["@soda-gql/plugin-babel@workspace:packages/plugin-babel"],

    "@soda-gql/runtime": ["@soda-gql/runtime@workspace:packages/runtime"],

    "@soda-gql/tool-utils": ["@soda-gql/tool-utils@workspace:packages/tool-utils"],

    "@swc/core": ["@swc/core@1.13.5", "", { "dependencies": { "@swc/counter": "^0.1.3", "@swc/types": "^0.1.24" }, "optionalDependencies": { "@swc/core-darwin-arm64": "1.13.5", "@swc/core-darwin-x64": "1.13.5", "@swc/core-linux-arm-gnueabihf": "1.13.5", "@swc/core-linux-arm64-gnu": "1.13.5", "@swc/core-linux-arm64-musl": "1.13.5", "@swc/core-linux-x64-gnu": "1.13.5", "@swc/core-linux-x64-musl": "1.13.5", "@swc/core-win32-arm64-msvc": "1.13.5", "@swc/core-win32-ia32-msvc": "1.13.5", "@swc/core-win32-x64-msvc": "1.13.5" }, "peerDependencies": { "@swc/helpers": ">=0.5.17" }, "optionalPeers": ["@swc/helpers"] }, "sha512-WezcBo8a0Dg2rnR82zhwoR6aRNxeTGfK5QCD6TQ+kg3xx/zNT02s/0o+81h/3zhvFSB24NtqEr8FTw88O5W/JQ=="],

    "@swc/core-darwin-arm64": ["@swc/core-darwin-arm64@1.13.5", "", { "os": "darwin", "cpu": "arm64" }, "sha512-lKNv7SujeXvKn16gvQqUQI5DdyY8v7xcoO3k06/FJbHJS90zEwZdQiMNRiqpYw/orU543tPaWgz7cIYWhbopiQ=="],

    "@swc/core-darwin-x64": ["@swc/core-darwin-x64@1.13.5", "", { "os": "darwin", "cpu": "x64" }, "sha512-ILd38Fg/w23vHb0yVjlWvQBoE37ZJTdlLHa8LRCFDdX4WKfnVBiblsCU9ar4QTMNdeTBEX9iUF4IrbNWhaF1Ng=="],

    "@swc/core-linux-arm-gnueabihf": ["@swc/core-linux-arm-gnueabihf@1.13.5", "", { "os": "linux", "cpu": "arm" }, "sha512-Q6eS3Pt8GLkXxqz9TAw+AUk9HpVJt8Uzm54MvPsqp2yuGmY0/sNaPPNVqctCX9fu/Nu8eaWUen0si6iEiCsazQ=="],

    "@swc/core-linux-arm64-gnu": ["@swc/core-linux-arm64-gnu@1.13.5", "", { "os": "linux", "cpu": "arm64" }, "sha512-aNDfeN+9af+y+M2MYfxCzCy/VDq7Z5YIbMqRI739o8Ganz6ST+27kjQFd8Y/57JN/hcnUEa9xqdS3XY7WaVtSw=="],

    "@swc/core-linux-arm64-musl": ["@swc/core-linux-arm64-musl@1.13.5", "", { "os": "linux", "cpu": "arm64" }, "sha512-9+ZxFN5GJag4CnYnq6apKTnnezpfJhCumyz0504/JbHLo+Ue+ZtJnf3RhyA9W9TINtLE0bC4hKpWi8ZKoETyOQ=="],

    "@swc/core-linux-x64-gnu": ["@swc/core-linux-x64-gnu@1.13.5", "", { "os": "linux", "cpu": "x64" }, "sha512-WD530qvHrki8Ywt/PloKUjaRKgstQqNGvmZl54g06kA+hqtSE2FTG9gngXr3UJxYu/cNAjJYiBifm7+w4nbHbA=="],

    "@swc/core-linux-x64-musl": ["@swc/core-linux-x64-musl@1.13.5", "", { "os": "linux", "cpu": "x64" }, "sha512-Luj8y4OFYx4DHNQTWjdIuKTq2f5k6uSXICqx+FSabnXptaOBAbJHNbHT/06JZh6NRUouaf0mYXN0mcsqvkhd7Q=="],

    "@swc/core-win32-arm64-msvc": ["@swc/core-win32-arm64-msvc@1.13.5", "", { "os": "win32", "cpu": "arm64" }, "sha512-cZ6UpumhF9SDJvv4DA2fo9WIzlNFuKSkZpZmPG1c+4PFSEMy5DFOjBSllCvnqihCabzXzpn6ykCwBmHpy31vQw=="],

    "@swc/core-win32-ia32-msvc": ["@swc/core-win32-ia32-msvc@1.13.5", "", { "os": "win32", "cpu": "ia32" }, "sha512-C5Yi/xIikrFUzZcyGj9L3RpKljFvKiDMtyDzPKzlsDrKIw2EYY+bF88gB6oGY5RGmv4DAX8dbnpRAqgFD0FMEw=="],

    "@swc/core-win32-x64-msvc": ["@swc/core-win32-x64-msvc@1.13.5", "", { "os": "win32", "cpu": "x64" }, "sha512-YrKdMVxbYmlfybCSbRtrilc6UA8GF5aPmGKBdPvjrarvsmf4i7ZHGCEnLtfOMd3Lwbs2WUZq3WdMbozYeLU93Q=="],

    "@swc/counter": ["@swc/counter@0.1.3", "", {}, "sha512-e2BR4lsJkkRlKZ/qCHPw9ZaSxc0MVUd7gtbtaB7aMvHeJVYe8sOB8DBZkP2DtISHGSku9sCK6T6cnY0CtXrOCQ=="],

    "@swc/types": ["@swc/types@0.1.25", "", { "dependencies": { "@swc/counter": "^0.1.3" } }, "sha512-iAoY/qRhNH8a/hBvm3zKj9qQ4oc2+3w1unPJa2XvTK3XjeLXtzcCingVPw/9e5mn1+0yPqxcBGp9Jf0pkfMb1g=="],

    "@types/babel__core": ["@types/babel__core@7.20.5", "", { "dependencies": { "@babel/parser": "^7.20.7", "@babel/types": "^7.20.7", "@types/babel__generator": "*", "@types/babel__template": "*", "@types/babel__traverse": "*" } }, "sha512-qoQprZvz5wQFJwMDqeseRXWv3rqMvhgpbXFfVyWhbx9X47POIA6i/+dXefEmZKoAgOaTdaIgNSMqMIU61yRyzA=="],

    "@types/babel__generator": ["@types/babel__generator@7.27.0", "", { "dependencies": { "@babel/types": "^7.0.0" } }, "sha512-ufFd2Xi92OAVPYsy+P4n7/U7e68fex0+Ee8gSG9KX7eo084CWiQ4sdxktvdl0bOPupXtVJPY19zk6EwWqUQ8lg=="],

    "@types/babel__template": ["@types/babel__template@7.4.4", "", { "dependencies": { "@babel/parser": "^7.1.0", "@babel/types": "^7.0.0" } }, "sha512-h/NUaSyG5EyxBIp8YRxo4RMe2/qQgvyowRwVMzhYhBCONbW8PUsg4lkFMrhgZhUe5z3L3MiLDuvyJ/CaPa2A8A=="],

    "@types/babel__traverse": ["@types/babel__traverse@7.28.0", "", { "dependencies": { "@babel/types": "^7.28.2" } }, "sha512-8PvcXf70gTDZBgt9ptxJ8elBeBjcLOAcOtoO/mPJjtji1+CdGbHgm77om1GrsPxsiE+uXIpNSK64UYaIwQXd4Q=="],

    "@types/bun": ["@types/bun@1.2.21", "", { "dependencies": { "bun-types": "1.2.21" } }, "sha512-NiDnvEqmbfQ6dmZ3EeUO577s4P5bf4HCTXtI6trMc6f6RzirY5IrF3aIookuSpyslFzrnvv2lmEWv5HyC1X79A=="],

    "@types/node": ["@types/node@24.3.1", "", { "dependencies": { "undici-types": "~7.10.0" } }, "sha512-3vXmQDXy+woz+gnrTvuvNrPzekOi+Ds0ReMxw0LzBiK3a+1k0kQn9f2NWk+lgD4rJehFUmYy2gMhJ2ZI+7YP9g=="],

    "@types/react": ["@types/react@19.1.12", "", { "dependencies": { "csstype": "^3.0.2" } }, "sha512-cMoR+FoAf/Jyq6+Df2/Z41jISvGZZ2eTlnsaJRptmZ76Caldwy1odD4xTr/gNV9VLj0AWgg/nmkevIyUfIIq5w=="],

    "browserslist": ["browserslist@4.25.4", "", { "dependencies": { "caniuse-lite": "^1.0.30001737", "electron-to-chromium": "^1.5.211", "node-releases": "^2.0.19", "update-browserslist-db": "^1.1.3" }, "bin": { "browserslist": "cli.js" } }, "sha512-4jYpcjabC606xJ3kw2QwGEZKX0Aw7sgQdZCvIK9dhVSPh76BKo+C+btT1RRofH7B+8iNpEbgGNVWiLki5q93yg=="],

    "bun-types": ["bun-types@1.2.21", "", { "dependencies": { "@types/node": "*" }, "peerDependencies": { "@types/react": "^19" } }, "sha512-sa2Tj77Ijc/NTLS0/Odjq/qngmEPZfbfnOERi0KRUYhT9R8M4VBioWVmMWE5GrYbKMc+5lVybXygLdibHaqVqw=="],

    "caniuse-lite": ["caniuse-lite@1.0.30001741", "", {}, "sha512-QGUGitqsc8ARjLdgAfxETDhRbJ0REsP6O3I96TAth/mVjh2cYzN2u+3AzPP3aVSm2FehEItaJw1xd+IGBXWeSw=="],

    "commander": ["commander@12.1.0", "", {}, "sha512-Vw8qHK3bZM9y/P10u3Vib8o/DdkvA2OtPtZvD871QKjy74Wj1WSKFILMPRPSdUSx5RFK1arlJzEtA4PkFgnbuA=="],

    "convert-source-map": ["convert-source-map@2.0.0", "", {}, "sha512-Kvp459HrV2FEJ1CAsi1Ku+MY3kasH19TFykTz2xWmMeq6bk2NU3XXvfJ+Q61m0xktWwt+1HSYf3JZsTms3aRJg=="],

    "csstype": ["csstype@3.1.3", "", {}, "sha512-M1uQkMl8rQK/szD0LNhtqxIPLpimGm8sOBwU7lLnCpSbTyY3yeU1Vc7l4KT5zT4s/yOxHH5O7tIuuLOCnLADRw=="],

    "debug": ["debug@4.4.1", "", { "dependencies": { "ms": "^2.1.3" } }, "sha512-KcKCqiftBJcZr++7ykoDIEwSa3XWowTfNPo92BYxjXiyYEVrUQh2aLyhxBCwww+heortUFxEJYcRzosstTEBYQ=="],

    "electron-to-chromium": ["electron-to-chromium@1.5.214", "", {}, "sha512-TpvUNdha+X3ybfU78NoQatKvQEm1oq3lf2QbnmCEdw+Bd9RuIAY+hJTvq1avzHM0f7EJfnH3vbCnbzKzisc/9Q=="],

    "escalade": ["escalade@3.2.0", "", {}, "sha512-WUj2qlxaQtO4g6Pq5c29GTcWGDyd8itL8zTlipgECz3JesAiiOKotd8JU6otB3PACgG6xkJUyVhboMS+bje/jA=="],

    "gensync": ["gensync@1.0.0-beta.2", "", {}, "sha512-3hN7NaskYvMDLQY55gnW3NQ+mesEAepTqlg+VEbj7zzqEMBVNhzcGYYeqFo/TlYz6eQiFcp1HcsCZO+nGgS8zg=="],

    "graphql": ["graphql@16.11.0", "", {}, "sha512-mS1lbMsxgQj6hge1XZ6p7GPhbrtFwUFYi3wRzXAC/FmYnyXMTvvI3td3rjmQ2u8ewXueaSvRPWaEcgVVOT9Jnw=="],

    "js-tokens": ["js-tokens@4.0.0", "", {}, "sha512-RdJUflcE3cUzKiMqQgsCu06FPu9UdIJO0beYbPhHN4k6apgJtifcoCtT9bcxOpYBtpD2kCM6Sbzg4CausW/PKQ=="],

    "jsesc": ["jsesc@3.1.0", "", { "bin": { "jsesc": "bin/jsesc" } }, "sha512-/sM3dO2FOzXjKQhJuo0Q173wf2KOo8t4I8vHy6lF9poUp7bKT0/NHE8fPX23PwfhnykfqnC2xRxOnVw5XuGIaA=="],

    "json5": ["json5@2.2.3", "", { "bin": { "json5": "lib/cli.js" } }, "sha512-XmOWe7eyHYH14cLdVPoyg+GOH3rYX++KpzrylJwSW98t3Nk+U8XOl8FWKOgwtzdb8lXGf6zYwDUzeHMWfxasyg=="],

    "lru-cache": ["lru-cache@5.1.1", "", { "dependencies": { "yallist": "^3.0.2" } }, "sha512-KpNARQA3Iwv+jTA0utUVVbrh+Jlrr1Fv0e56GGzAFOXN7dk/FviaDW8LHmK52DlcH4WP2n6gI8vN1aesBFgo9w=="],

    "ms": ["ms@2.1.3", "", {}, "sha512-6FlzubTLZG3J2a/NVCAleEhjzq5oxgHyaCU9yYXvcLsvoVaHJq/s5xXI6/XXP6tz7R9xAOtHnSO/tXtF3WRTlA=="],

    "neverthrow": ["neverthrow@8.2.0", "", { "optionalDependencies": { "@rollup/rollup-linux-x64-gnu": "^4.24.0" } }, "sha512-kOCT/1MCPAxY5iUV3wytNFUMUolzuwd/VF/1KCx7kf6CutrOsTie+84zTGTpgQycjvfLdBBdvBvFLqFD2c0wkQ=="],

    "node-releases": ["node-releases@2.0.20", "", {}, "sha512-7gK6zSXEH6neM212JgfYFXe+GmZQM+fia5SsusuBIUgnPheLFBmIPhtFoAQRj8/7wASYQnbDlHPVwY0BefoFgA=="],

    "picocolors": ["picocolors@1.1.1", "", {}, "sha512-xceH2snhtb5M9liqDsmEw56le376mTZkEX/jEb/RxNFyegNul7eNslCXP9FDj/Lcu0X8KEyMceP2ntpaHrDEVA=="],

    "semver": ["semver@6.3.1", "", { "bin": { "semver": "bin/semver.js" } }, "sha512-BR7VvDCVHO+q2xBEWskxS6DJE1qRnb7DxzUrogb71CWoSficBxYsiAGd+Kl0mmq/MprG9yArRkyrQxTO6XjMzA=="],

    "typescript": ["typescript@5.9.2", "", { "bin": { "tsc": "bin/tsc", "tsserver": "bin/tsserver" } }, "sha512-CWBzXQrc/qOkhidw1OzBTQuYRbfyxDXJMVJ1XNwUHGROVmuaeiEm3OslpZ1RV96d7SKKjZKrSJu3+t/xlw3R9A=="],

    "undici-types": ["undici-types@7.10.0", "", {}, "sha512-t5Fy/nfn+14LuOc2KNYg75vZqClpAiqscVvMygNnlsHBFpSXdJaYtXMcdNLpl/Qvc3P2cB3s6lOV51nqsFq4ag=="],

    "update-browserslist-db": ["update-browserslist-db@1.1.3", "", { "dependencies": { "escalade": "^3.2.0", "picocolors": "^1.1.1" }, "peerDependencies": { "browserslist": ">= 4.21.0" }, "bin": { "update-browserslist-db": "cli.js" } }, "sha512-UxhIZQ+QInVdunkDAaiazvvT/+fXL5Osr0JZlJulepYu6Jd7qJtDZjlur0emRlT71EN3ScPoE7gvsuIKKNavKw=="],

    "yallist": ["yallist@3.1.1", "", {}, "sha512-a4UGQaWPH59mOXUYnAG2ewncQS4i4F43Tv3JoAM+s2VDAmS9NsK8GpDMLrCHPksFT7h3K6TOoUNn2pb7RoXx4g=="],

    "zod": ["zod@4.1.5", "", {}, "sha512-rcUUZqlLJgBC33IT3PNMgsCq6TzLQEG/Ei/KTCU0PedSWRMAXoOUN+4t/0H+Q8bdnLPdqUYnvboJT0bn/229qg=="],
  }
}
